
Microsoft Visual Studio Solution File, Format Version 12.00
# Visual Studio 15
VisualStudioVersion = 15.0.26124.0
MinimumVisualStudioVersion = 15.0.26124.0
Project("{2150E333-8FDC-42A3-9474-1A3956D46DE8}") = "src", "src", "{EDD09F3E-3F51-41FD-88AF-E72372E69D9E}"
EndProject
Project("{F2A71F9B-5D33-465A-A702-920D77279786}") = "TailCall", "src\TailCall\TailCall.fsproj", "{4FEEC6E8-B41E-4102-82C3-0B884261598F}"
EndProject
Project("{F2A71F9B-5D33-465A-A702-920D77279786}") = "Testing", "src\Testing\Testing.fsproj", "{4F988704-435F-478D-ADC7-99DEDF1368B0}"
EndProject
Global
	GlobalSection(SolutionConfigurationPlatforms) = preSolution
		Debug|Any CPU = Debug|Any CPU
		Debug|x64 = Debug|x64
		Debug|x86 = Debug|x86
		Release|Any CPU = Release|Any CPU
		Release|x64 = Release|x64
		Release|x86 = Release|x86
	EndGlobalSection
	GlobalSection(SolutionProperties) = preSolution
		HideSolutionNode = FALSE
	EndGlobalSection
	GlobalSection(ProjectConfigurationPlatforms) = postSolution
		{4FEEC6E8-B41E-4102-82C3-0B884261598F}.Debug|Any CPU.ActiveCfg = Debug|Any CPU
		{4FEEC6E8-B41E-4102-82C3-0B884261598F}.Debug|Any CPU.Build.0 = Debug|Any CPU
		{4FEEC6E8-B41E-4102-82C3-0B884261598F}.Debug|x64.ActiveCfg = Debug|Any CPU
		{4FEEC6E8-B41E-4102-82C3-0B884261598F}.Debug|x64.Build.0 = Debug|Any CPU
		{4FEEC6E8-B41E-4102-82C3-0B884261598F}.Debug|x86.ActiveCfg = Debug|Any CPU
		{4FEEC6E8-B41E-4102-82C3-0B884261598F}.Debug|x86.Build.0 = Debug|Any CPU
		{4FEEC6E8-B41E-4102-82C3-0B884261598F}.Release|Any CPU.ActiveCfg = Release|Any CPU
		{4FEEC6E8-B41E-4102-82C3-0B884261598F}.Release|Any CPU.Build.0 = Release|Any CPU
		{4FEEC6E8-B41E-4102-82C3-0B884261598F}.Release|x64.ActiveCfg = Release|Any CPU
		{4FEEC6E8-B41E-4102-82C3-0B884261598F}.Release|x64.Build.0 = Release|Any CPU
		{4FEEC6E8-B41E-4102-82C3-0B884261598F}.Release|x86.ActiveCfg = Release|Any CPU
		{4FEEC6E8-B41E-4102-82C3-0B884261598F}.Release|x86.Build.0 = Release|Any CPU
		{4F988704-435F-478D-ADC7-99DEDF1368B0}.Debug|Any CPU.ActiveCfg = Debug|Any CPU
		{4F988704-435F-478D-ADC7-99DEDF1368B0}.Debug|Any CPU.Build.0 = Debug|Any CPU
		{4F988704-435F-478D-ADC7-99DEDF1368B0}.Debug|x64.ActiveCfg = Debug|Any CPU
		{4F988704-435F-478D-ADC7-99DEDF1368B0}.Debug|x64.Build.0 = Debug|Any CPU
		{4F988704-435F-478D-ADC7-99DEDF1368B0}.Debug|x86.ActiveCfg = Debug|Any CPU
		{4F988704-435F-478D-ADC7-99DEDF1368B0}.Debug|x86.Build.0 = Debug|Any CPU
		{4F988704-435F-478D-ADC7-99DEDF1368B0}.Release|Any CPU.ActiveCfg = Release|Any CPU
		{4F988704-435F-478D-ADC7-99DEDF1368B0}.Release|Any CPU.Build.0 = Release|Any CPU
		{4F988704-435F-478D-ADC7-99DEDF1368B0}.Release|x64.ActiveCfg = Release|Any CPU
		{4F988704-435F-478D-ADC7-99DEDF1368B0}.Release|x64.Build.0 = Release|Any CPU
		{4F988704-435F-478D-ADC7-99DEDF1368B0}.Release|x86.ActiveCfg = Release|Any CPU
		{4F988704-435F-478D-ADC7-99DEDF1368B0}.Release|x86.Build.0 = Release|Any CPU
	EndGlobalSection
	GlobalSection(NestedProjects) = preSolution
		{4FEEC6E8-B41E-4102-82C3-0B884261598F} = {EDD09F3E-3F51-41FD-88AF-E72372E69D9E}
		{4F988704-435F-478D-ADC7-99DEDF1368B0} = {EDD09F3E-3F51-41FD-88AF-E72372E69D9E}
	EndGlobalSection
EndGlobal
